
Microsoft Visual Studio Solution File, Format Version 12.00
# Visual Studio Version 17
VisualStudioVersion = 17.8.34408.163
MinimumVisualStudioVersion = 10.0.40219.1
Project("{FAE04EC0-301F-11D3-BF4B-00C04F79EFBC}") = "API-SistemaDeTarefas", "API-SistemaDeTarefas.csproj", "{CA65DE24-0298-4CFC-A7D7-EE9259D21763}"
EndProject
Global
	GlobalSection(SolutionConfigurationPlatforms) = preSolution
		Debug|Any CPU = Debug|Any CPU
		Release|Any CPU = Release|Any CPU
	EndGlobalSection
	GlobalSection(ProjectConfigurationPlatforms) = postSolution
		{CA65DE24-0298-4CFC-A7D7-EE9259D21763}.Debug|Any CPU.ActiveCfg = Debug|Any CPU
		{CA65DE24-0298-4CFC-A7D7-EE9259D21763}.Debug|Any CPU.Build.0 = Debug|Any CPU
		{CA65DE24-0298-4CFC-A7D7-EE9259D21763}.Release|Any CPU.ActiveCfg = Release|Any CPU
		{CA65DE24-0298-4CFC-A7D7-EE9259D21763}.Release|Any CPU.Build.0 = Release|Any CPU
	EndGlobalSection
	GlobalSection(SolutionProperties) = preSolution
		HideSolutionNode = FALSE
	EndGlobalSection
	GlobalSection(ExtensibilityGlobals) = postSolution
		SolutionGuid = {F2C32683-07CD-4A54-8B5A-7B51DF39F4C0}
	EndGlobalSection
EndGlobal
